
Microsoft Visual Studio Solution File, Format Version 12.00
# Visual Studio Version 17
VisualStudioVersion = 17.7.34202.233
MinimumVisualStudioVersion = 10.0.40219.1
Project("{FAE04EC0-301F-11D3-BF4B-00C04F79EFBC}") = "ExcelDataExtract", "ExcelDataExtract.csproj", "{93D13FAF-1F13-4BF0-8747-2A3535FA0A4A}"
EndProject
Global
	GlobalSection(SolutionConfigurationPlatforms) = preSolution
		Debug|Any CPU = Debug|Any CPU
		Release|Any CPU = Release|Any CPU
	EndGlobalSection
	GlobalSection(ProjectConfigurationPlatforms) = postSolution
		{93D13FAF-1F13-4BF0-8747-2A3535FA0A4A}.Debug|Any CPU.ActiveCfg = Debug|Any CPU
		{93D13FAF-1F13-4BF0-8747-2A3535FA0A4A}.Debug|Any CPU.Build.0 = Debug|Any CPU
		{93D13FAF-1F13-4BF0-8747-2A3535FA0A4A}.Release|Any CPU.ActiveCfg = Release|Any CPU
		{93D13FAF-1F13-4BF0-8747-2A3535FA0A4A}.Release|Any CPU.Build.0 = Release|Any CPU
	EndGlobalSection
	GlobalSection(SolutionProperties) = preSolution
		HideSolutionNode = FALSE
	EndGlobalSection
	GlobalSection(ExtensibilityGlobals) = postSolution
		SolutionGuid = {05BEB211-49B1-45A6-96D3-5DF113A781DB}
	EndGlobalSection
EndGlobal
